
Microsoft Visual Studio Solution File, Format Version 12.00
# Visual Studio Version 16
VisualStudioVersion = 16.0.31321.278
MinimumVisualStudioVersion = 10.0.40219.1
Project("{FAE04EC0-301F-11D3-BF4B-00C04F79EFBC}") = "BookStore", "BookStore\BookStore.csproj", "{6E7AC55F-792C-4680-BB8E-3F474807DF6F}"
EndProject
Global
	GlobalSection(SolutionConfigurationPlatforms) = preSolution
		Debug|Any CPU = Debug|Any CPU
		Release|Any CPU = Release|Any CPU
	EndGlobalSection
	GlobalSection(ProjectConfigurationPlatforms) = postSolution
		{6E7AC55F-792C-4680-BB8E-3F474807DF6F}.Debug|Any CPU.ActiveCfg = Debug|Any CPU
		{6E7AC55F-792C-4680-BB8E-3F474807DF6F}.Debug|Any CPU.Build.0 = Debug|Any CPU
		{6E7AC55F-792C-4680-BB8E-3F474807DF6F}.Release|Any CPU.ActiveCfg = Release|Any CPU
		{6E7AC55F-792C-4680-BB8E-3F474807DF6F}.Release|Any CPU.Build.0 = Release|Any CPU
	EndGlobalSection
	GlobalSection(SolutionProperties) = preSolution
		HideSolutionNode = FALSE
	EndGlobalSection
	GlobalSection(ExtensibilityGlobals) = postSolution
		SolutionGuid = {5A3E25BE-7B0F-402B-92EA-CC15353429F9}
	EndGlobalSection
EndGlobal
